
Microsoft Visual Studio Solution File, Format Version 12.00
# Visual Studio Version 17
VisualStudioVersion = 17.11.35327.3
MinimumVisualStudioVersion = 10.0.40219.1
Project("{FAE04EC0-301F-11D3-BF4B-00C04F79EFBC}") = "API", "API\API.csproj", "{0B628582-FE9A-4E7F-B98D-D29D08B4A4C2}"
EndProject
Project("{FAE04EC0-301F-11D3-BF4B-00C04F79EFBC}") = "ApplicationLayer", "ApplicationLayer\ApplicationLayer.csproj", "{8B5755FD-5879-47C6-AAB2-B5082F4F73BF}"
EndProject
Project("{FAE04EC0-301F-11D3-BF4B-00C04F79EFBC}") = "InfrastructureLayer", "InfrastructureLayer\InfrastructureLayer.csproj", "{DBD6692B-7720-4647-9E60-B00BA1809692}"
EndProject
Project("{FAE04EC0-301F-11D3-BF4B-00C04F79EFBC}") = "DomainLayer", "DomainLayer\DomainLayer.csproj", "{5A9ACC23-AE79-4E55-8A45-A76E918A08F8}"
EndProject
Global
	GlobalSection(SolutionConfigurationPlatforms) = preSolution
		Debug|Any CPU = Debug|Any CPU
		Release|Any CPU = Release|Any CPU
	EndGlobalSection
	GlobalSection(ProjectConfigurationPlatforms) = postSolution
		{0B628582-FE9A-4E7F-B98D-D29D08B4A4C2}.Debug|Any CPU.ActiveCfg = Debug|Any CPU
		{0B628582-FE9A-4E7F-B98D-D29D08B4A4C2}.Debug|Any CPU.Build.0 = Debug|Any CPU
		{0B628582-FE9A-4E7F-B98D-D29D08B4A4C2}.Release|Any CPU.ActiveCfg = Release|Any CPU
		{0B628582-FE9A-4E7F-B98D-D29D08B4A4C2}.Release|Any CPU.Build.0 = Release|Any CPU
		{8B5755FD-5879-47C6-AAB2-B5082F4F73BF}.Debug|Any CPU.ActiveCfg = Debug|Any CPU
		{8B5755FD-5879-47C6-AAB2-B5082F4F73BF}.Debug|Any CPU.Build.0 = Debug|Any CPU
		{8B5755FD-5879-47C6-AAB2-B5082F4F73BF}.Release|Any CPU.ActiveCfg = Release|Any CPU
		{8B5755FD-5879-47C6-AAB2-B5082F4F73BF}.Release|Any CPU.Build.0 = Release|Any CPU
		{DBD6692B-7720-4647-9E60-B00BA1809692}.Debug|Any CPU.ActiveCfg = Debug|Any CPU
		{DBD6692B-7720-4647-9E60-B00BA1809692}.Debug|Any CPU.Build.0 = Debug|Any CPU
		{DBD6692B-7720-4647-9E60-B00BA1809692}.Release|Any CPU.ActiveCfg = Release|Any CPU
		{DBD6692B-7720-4647-9E60-B00BA1809692}.Release|Any CPU.Build.0 = Release|Any CPU
		{5A9ACC23-AE79-4E55-8A45-A76E918A08F8}.Debug|Any CPU.ActiveCfg = Debug|Any CPU
		{5A9ACC23-AE79-4E55-8A45-A76E918A08F8}.Debug|Any CPU.Build.0 = Debug|Any CPU
		{5A9ACC23-AE79-4E55-8A45-A76E918A08F8}.Release|Any CPU.ActiveCfg = Release|Any CPU
		{5A9ACC23-AE79-4E55-8A45-A76E918A08F8}.Release|Any CPU.Build.0 = Release|Any CPU
	EndGlobalSection
	GlobalSection(SolutionProperties) = preSolution
		HideSolutionNode = FALSE
	EndGlobalSection
	GlobalSection(ExtensibilityGlobals) = postSolution
		SolutionGuid = {880048E2-4AE6-4644-A24E-7ED821EE573C}
	EndGlobalSection
EndGlobal
